// !$*UTF8*$!
{
	archiveVersion = 1;
	classes = {
	};
	objectVersion = 77;
	objects = {

/* Begin PBXContainerItemProxy section */
		C32B094E2D50FB7400572175 /* PBXContainerItemProxy */ = {
			isa = PBXContainerItemProxy;
			containerPortal = C32B09342D50FB7300572175 /* Project object */;
			proxyType = 1;
			remoteGlobalIDString = C32B093B2D50FB7300572175;
			remoteInfo = ClipMinder;
		};
		C32B09582D50FB7400572175 /* PBXContainerItemProxy */ = {
			isa = PBXContainerItemProxy;
			containerPortal = C32B09342D50FB7300572175 /* Project object */;
			proxyType = 1;
			remoteGlobalIDString = C32B093B2D50FB7300572175;
			remoteInfo = ClipMinder;
		};
/* End PBXContainerItemProxy section */

/* Begin PBXFileReference section */
		C32B093C2D50FB7300572175 /* ClipMinder.app */ = {isa = PBXFileReference; explicitFileType = wrapper.application; includeInIndex = 0; path = ClipMinder.app; sourceTree = BUILT_PRODUCTS_DIR; };
		C32B094D2D50FB7400572175 /* ClipMinderTests.xctest */ = {isa = PBXFileReference; explicitFileType = wrapper.cfbundle; includeInIndex = 0; path = ClipMinderTests.xctest; sourceTree = BUILT_PRODUCTS_DIR; };
		C32B09572D50FB7400572175 /* ClipMinderUITests.xctest */ = {isa = PBXFileReference; explicitFileType = wrapper.cfbundle; includeInIndex = 0; path = ClipMinderUITests.xctest; sourceTree = BUILT_PRODUCTS_DIR; };
/* End PBXFileReference section */

/* Begin PBXFileSystemSynchronizedRootGroup section */
		C32B093E2D50FB7300572175 /* ClipMinder */ = {
			isa = PBXFileSystemSynchronizedRootGroup;
			path = ClipMinder;
			sourceTree = "<group>";
		};
		C32B09502D50FB7400572175 /* ClipMinderTests */ = {
			isa = PBXFileSystemSynchronizedRootGroup;
			path = ClipMinderTests;
			sourceTree = "<group>";
		};
		C32B095A2D50FB7400572175 /* ClipMinderUITests */ = {
			isa = PBXFileSystemSynchronizedRootGroup;
			path = ClipMinderUITests;
			sourceTree = "<group>";
		};
/* End PBXFileSystemSynchronizedRootGroup section */

/* Begin PBXFrameworksBuildPhase section */
		C32B09392D50FB7300572175 /* Frameworks */ = {
			isa = PBXFrameworksBuildPhase;
			buildActionMask = 2147483647;
			files = (
			);
			runOnlyForDeploymentPostprocessing = 0;
		};
		C32B094A2D50FB7400572175 /* Frameworks */ = {
			isa = PBXFrameworksBuildPhase;
			buildActionMask = 2147483647;
			files = (
			);
			runOnlyForDeploymentPostprocessing = 0;
		};
		C32B09542D50FB7400572175 /* Frameworks */ = {
			isa = PBXFrameworksBuildPhase;
			buildActionMask = 2147483647;
			files = (
			);
			runOnlyForDeploymentPostprocessing = 0;
		};
/* End PBXFrameworksBuildPhase section */

/* Begin PBXGroup section */
		C32B09332D50FB7300572175 = {
			isa = PBXGroup;
			children = (
				C32B093E2D50FB7300572175 /* ClipMinder */,
				C32B09502D50FB7400572175 /* ClipMinderTests */,
				C32B095A2D50FB7400572175 /* ClipMinderUITests */,
				C32B093D2D50FB7300572175 /* Products */,
			);
			sourceTree = "<group>";
		};
		C32B093D2D50FB7300572175 /* Products */ = {
			isa = PBXGroup;
			children = (
				C32B093C2D50FB7300572175 /* ClipMinder.app */,
				C32B094D2D50FB7400572175 /* ClipMinderTests.xctest */,
				C32B09572D50FB7400572175 /* ClipMinderUITests.xctest */,
			);
			name = Products;
			sourceTree = "<group>";
		};
/* End PBXGroup section */

/* Begin PBXNativeTarget section */
		C32B093B2D50FB7300572175 /* ClipMinder */ = {
			isa = PBXNativeTarget;
			buildConfigurationList = C32B09612D50FB7400572175 /* Build configuration list for PBXNativeTarget "ClipMinder" */;
			buildPhases = (
				C32B09382D50FB7300572175 /* Sources */,
				C32B09392D50FB7300572175 /* Frameworks */,
				C32B093A2D50FB7300572175 /* Resources */,
			);
			buildRules = (
			);
			dependencies = (
			);
			fileSystemSynchronizedGroups = (
				C32B093E2D50FB7300572175 /* ClipMinder */,
			);
			name = ClipMinder;
			packageProductDependencies = (
			);
			productName = ClipMinder;
			productReference = C32B093C2D50FB7300572175 /* ClipMinder.app */;
			productType = "com.apple.product-type.application";
		};
		C32B094C2D50FB7400572175 /* ClipMinderTests */ = {
			isa = PBXNativeTarget;
			buildConfigurationList = C32B09642D50FB7400572175 /* Build configuration list for PBXNativeTarget "ClipMinderTests" */;
			buildPhases = (
				C32B09492D50FB7400572175 /* Sources */,
				C32B094A2D50FB7400572175 /* Frameworks */,
				C32B094B2D50FB7400572175 /* Resources */,
			);
			buildRules = (
			);
			dependencies = (
				C32B094F2D50FB7400572175 /* PBXTargetDependency */,
			);
			fileSystemSynchronizedGroups = (
				C32B09502D50FB7400572175 /* ClipMinderTests */,
			);
			name = ClipMinderTests;
			packageProductDependencies = (
			);
			productName = ClipMinderTests;
			productReference = C32B094D2D50FB7400572175 /* ClipMinderTests.xctest */;
			productType = "com.apple.product-type.bundle.unit-test";
		};
		C32B09562D50FB7400572175 /* ClipMinderUITests */ = {
			isa = PBXNativeTarget;
			buildConfigurationList = C32B09672D50FB7400572175 /* Build configuration list for PBXNativeTarget "ClipMinderUITests" */;
			buildPhases = (
				C32B09532D50FB7400572175 /* Sources */,
				C32B09542D50FB7400572175 /* Frameworks */,
				C32B09552D50FB7400572175 /* Resources */,
			);
			buildRules = (
			);
			dependencies = (
				C32B09592D50FB7400572175 /* PBXTargetDependency */,
			);
			fileSystemSynchronizedGroups = (
				C32B095A2D50FB7400572175 /* ClipMinderUITests */,
			);
			name = ClipMinderUITests;
			packageProductDependencies = (
			);
			productName = ClipMinderUITests;
			productReference = C32B09572D50FB7400572175 /* ClipMinderUITests.xctest */;
			productType = "com.apple.product-type.bundle.ui-testing";
		};
/* End PBXNativeTarget section */

/* Begin PBXProject section */
		C32B09342D50FB7300572175 /* Project object */ = {
			isa = PBXProject;
			attributes = {
				BuildIndependentTargetsInParallel = 1;
				LastSwiftUpdateCheck = 1620;
				LastUpgradeCheck = 1620;
				TargetAttributes = {
					C32B093B2D50FB7300572175 = {
						CreatedOnToolsVersion = 16.2;
					};
					C32B094C2D50FB7400572175 = {
						CreatedOnToolsVersion = 16.2;
						TestTargetID = C32B093B2D50FB7300572175;
					};
					C32B09562D50FB7400572175 = {
						CreatedOnToolsVersion = 16.2;
						TestTargetID = C32B093B2D50FB7300572175;
					};
				};
			};
			buildConfigurationList = C32B09372D50FB7300572175 /* Build configuration list for PBXProject "ClipMinder" */;
			developmentRegion = en;
			hasScannedForEncodings = 0;
			knownRegions = (
				en,
				Base,
			);
			mainGroup = C32B09332D50FB7300572175;
			minimizedProjectReferenceProxies = 1;
			preferredProjectObjectVersion = 77;
			productRefGroup = C32B093D2D50FB7300572175 /* Products */;
			projectDirPath = "";
			projectRoot = "";
			targets = (
				C32B093B2D50FB7300572175 /* ClipMinder */,
				C32B094C2D50FB7400572175 /* ClipMinderTests */,
				C32B09562D50FB7400572175 /* ClipMinderUITests */,
			);
		};
/* End PBXProject section */

/* Begin PBXResourcesBuildPhase section */
		C32B093A2D50FB7300572175 /* Resources */ = {
			isa = PBXResourcesBuildPhase;
			buildActionMask = 2147483647;
			files = (
			);
			runOnlyForDeploymentPostprocessing = 0;
		};
		C32B094B2D50FB7400572175 /* Resources */ = {
			isa = PBXResourcesBuildPhase;
			buildActionMask = 2147483647;
			files = (
			);
			runOnlyForDeploymentPostprocessing = 0;
		};
		C32B09552D50FB7400572175 /* Resources */ = {
			isa = PBXResourcesBuildPhase;
			buildActionMask = 2147483647;
			files = (
			);
			runOnlyForDeploymentPostprocessing = 0;
		};
/* End PBXResourcesBuildPhase section */

/* Begin PBXSourcesBuildPhase section */
		C32B09382D50FB7300572175 /* Sources */ = {
			isa = PBXSourcesBuildPhase;
			buildActionMask = 2147483647;
			files = (
			);
			runOnlyForDeploymentPostprocessing = 0;
		};
		C32B09492D50FB7400572175 /* Sources */ = {
			isa = PBXSourcesBuildPhase;
			buildActionMask = 2147483647;
			files = (
			);
			runOnlyForDeploymentPostprocessing = 0;
		};
		C32B09532D50FB7400572175 /* Sources */ = {
			isa = PBXSourcesBuildPhase;
			buildActionMask = 2147483647;
			files = (
			);
			runOnlyForDeploymentPostprocessing = 0;
		};
/* End PBXSourcesBuildPhase section */

/* Begin PBXTargetDependency section */
		C32B094F2D50FB7400572175 /* PBXTargetDependency */ = {
			isa = PBXTargetDependency;
			target = C32B093B2D50FB7300572175 /* ClipMinder */;
			targetProxy = C32B094E2D50FB7400572175 /* PBXContainerItemProxy */;
		};
		C32B09592D50FB7400572175 /* PBXTargetDependency */ = {
			isa = PBXTargetDependency;
			target = C32B093B2D50FB7300572175 /* ClipMinder */;
			targetProxy = C32B09582D50FB7400572175 /* PBXContainerItemProxy */;
		};
/* End PBXTargetDependency section */

/* Begin XCBuildConfiguration section */
		C32B095F2D50FB7400572175 /* Debug */ = {
			isa = XCBuildConfiguration;
			buildSettings = {
				ALWAYS_SEARCH_USER_PATHS = NO;
				ASSETCATALOG_COMPILER_GENERATE_SWIFT_ASSET_SYMBOL_EXTENSIONS = YES;
				CLANG_ANALYZER_NONNULL = YES;
				CLANG_ANALYZER_NUMBER_OBJECT_CONVERSION = YES_AGGRESSIVE;
				CLANG_CXX_LANGUAGE_STANDARD = "gnu++20";
				CLANG_ENABLE_MODULES = YES;
				CLANG_ENABLE_OBJC_ARC = YES;
				CLANG_ENABLE_OBJC_WEAK = YES;
				CLANG_WARN_BLOCK_CAPTURE_AUTORELEASING = YES;
				CLANG_WARN_BOOL_CONVERSION = YES;
				CLANG_WARN_COMMA = YES;
				CLANG_WARN_CONSTANT_CONVERSION = YES;
				CLANG_WARN_DEPRECATED_OBJC_IMPLEMENTATIONS = YES;
				CLANG_WARN_DIRECT_OBJC_ISA_USAGE = YES_ERROR;
				CLANG_WARN_DOCUMENTATION_COMMENTS = YES;
				CLANG_WARN_EMPTY_BODY = YES;
				CLANG_WARN_ENUM_CONVERSION = YES;
				CLANG_WARN_INFINITE_RECURSION = YES;
				CLANG_WARN_INT_CONVERSION = YES;
				CLANG_WARN_NON_LITERAL_NULL_CONVERSION = YES;
				CLANG_WARN_OBJC_IMPLICIT_RETAIN_SELF = YES;
				CLANG_WARN_OBJC_LITERAL_CONVERSION = YES;
				CLANG_WARN_OBJC_ROOT_CLASS = YES_ERROR;
				CLANG_WARN_QUOTED_INCLUDE_IN_FRAMEWORK_HEADER = YES;
				CLANG_WARN_RANGE_LOOP_ANALYSIS = YES;
				CLANG_WARN_STRICT_PROTOTYPES = YES;
				CLANG_WARN_SUSPICIOUS_MOVE = YES;
				CLANG_WARN_UNGUARDED_AVAILABILITY = YES_AGGRESSIVE;
				CLANG_WARN_UNREACHABLE_CODE = YES;
				CLANG_WARN__DUPLICATE_METHOD_MATCH = YES;
				COPY_PHASE_STRIP = NO;
				DEBUG_INFORMATION_FORMAT = dwarf;
				ENABLE_STRICT_OBJC_MSGSEND = YES;
				ENABLE_TESTABILITY = YES;
				ENABLE_USER_SCRIPT_SANDBOXING = YES;
				GCC_C_LANGUAGE_STANDARD = gnu17;
				GCC_DYNAMIC_NO_PIC = NO;
				GCC_NO_COMMON_BLOCKS = YES;
				GCC_OPTIMIZATION_LEVEL = 0;
				GCC_PREPROCESSOR_DEFINITIONS = (
					"DEBUG=1",
					"$(inherited)",
				);
				GCC_WARN_64_TO_32_BIT_CONVERSION = YES;
				GCC_WARN_ABOUT_RETURN_TYPE = YES_ERROR;
				GCC_WARN_UNDECLARED_SELECTOR = YES;
				GCC_WARN_UNINITIALIZED_AUTOS = YES_AGGRESSIVE;
				GCC_WARN_UNUSED_FUNCTION = YES;
				GCC_WARN_UNUSED_VARIABLE = YES;
				LOCALIZATION_PREFERS_STRING_CATALOGS = YES;
				MACOSX_DEPLOYMENT_TARGET = 15.2;
				MTL_ENABLE_DEBUG_INFO = INCLUDE_SOURCE;
				MTL_FAST_MATH = YES;
				ONLY_ACTIVE_ARCH = YES;
				SDKROOT = macosx;
				SWIFT_ACTIVE_COMPILATION_CONDITIONS = "DEBUG $(inherited)";
				SWIFT_OPTIMIZATION_LEVEL = "-Onone";
			};
			name = Debug;
		};
		C32B09602D50FB7400572175 /* Release */ = {
			isa = XCBuildConfiguration;
			buildSettings = {
				ALWAYS_SEARCH_USER_PATHS = NO;
				ASSETCATALOG_COMPILER_GENERATE_SWIFT_ASSET_SYMBOL_EXTENSIONS = YES;
				CLANG_ANALYZER_NONNULL = YES;
				CLANG_ANALYZER_NUMBER_OBJECT_CONVERSION = YES_AGGRESSIVE;
				CLANG_CXX_LANGUAGE_STANDARD = "gnu++20";
				CLANG_ENABLE_MODULES = YES;
				CLANG_ENABLE_OBJC_ARC = YES;
				CLANG_ENABLE_OBJC_WEAK = YES;
				CLANG_WARN_BLOCK_CAPTURE_AUTORELEASING = YES;
				CLANG_WARN_BOOL_CONVERSION = YES;
				CLANG_WARN_COMMA = YES;
				CLANG_WARN_CONSTANT_CONVERSION = YES;
				CLANG_WARN_DEPRECATED_OBJC_IMPLEMENTATIONS = YES;
				CLANG_WARN_DIRECT_OBJC_ISA_USAGE = YES_ERROR;
				CLANG_WARN_DOCUMENTATION_COMMENTS = YES;
				CLANG_WARN_EMPTY_BODY = YES;
				CLANG_WARN_ENUM_CONVERSION = YES;
				CLANG_WARN_INFINITE_RECURSION = YES;
				CLANG_WARN_INT_CONVERSION = YES;
				CLANG_WARN_NON_LITERAL_NULL_CONVERSION = YES;
				CLANG_WARN_OBJC_IMPLICIT_RETAIN_SELF = YES;
				CLANG_WARN_OBJC_LITERAL_CONVERSION = YES;
				CLANG_WARN_OBJC_ROOT_CLASS = YES_ERROR;
				CLANG_WARN_QUOTED_INCLUDE_IN_FRAMEWORK_HEADER = YES;
				CLANG_WARN_RANGE_LOOP_ANALYSIS = YES;
				CLANG_WARN_STRICT_PROTOTYPES = YES;
				CLANG_WARN_SUSPICIOUS_MOVE = YES;
				CLANG_WARN_UNGUARDED_AVAILABILITY = YES_AGGRESSIVE;
				CLANG_WARN_UNREACHABLE_CODE = YES;
				CLANG_WARN__DUPLICATE_METHOD_MATCH = YES;
				COPY_PHASE_STRIP = NO;
				DEBUG_INFORMATION_FORMAT = "dwarf-with-dsym";
				ENABLE_NS_ASSERTIONS = NO;
				ENABLE_STRICT_OBJC_MSGSEND = YES;
				ENABLE_USER_SCRIPT_SANDBOXING = YES;
				GCC_C_LANGUAGE_STANDARD = gnu17;
				GCC_NO_COMMON_BLOCKS = YES;
				GCC_WARN_64_TO_32_BIT_CONVERSION = YES;
				GCC_WARN_ABOUT_RETURN_TYPE = YES_ERROR;
				GCC_WARN_UNDECLARED_SELECTOR = YES;
				GCC_WARN_UNINITIALIZED_AUTOS = YES_AGGRESSIVE;
				GCC_WARN_UNUSED_FUNCTION = YES;
				GCC_WARN_UNUSED_VARIABLE = YES;
				LOCALIZATION_PREFERS_STRING_CATALOGS = YES;
				MACOSX_DEPLOYMENT_TARGET = 15.2;
				MTL_ENABLE_DEBUG_INFO = NO;
				MTL_FAST_MATH = YES;
				SDKROOT = macosx;
				SWIFT_COMPILATION_MODE = wholemodule;
			};
			name = Release;
		};
		C32B09622D50FB7400572175 /* Debug */ = {
			isa = XCBuildConfiguration;
			buildSettings = {
				ASSETCATALOG_COMPILER_APPICON_NAME = AppIcon;
				ASSETCATALOG_COMPILER_GLOBAL_ACCENT_COLOR_NAME = AccentColor;
				CODE_SIGN_ENTITLEMENTS = ClipMinder/ClipMinder.entitlements;
				CODE_SIGN_STYLE = Automatic;
				COMBINE_HIDPI_IMAGES = YES;
				CURRENT_PROJECT_VERSION = 1;
				DEVELOPMENT_ASSET_PATHS = "\"ClipMinder/Preview Content\"";
				DEVELOPMENT_TEAM = 77YJPM38JD;
				ENABLE_HARDENED_RUNTIME = YES;
				ENABLE_PREVIEWS = YES;
				GENERATE_INFOPLIST_FILE = YES;
				INFOPLIST_KEY_NSHumanReadableCopyright = "";
				LD_RUNPATH_SEARCH_PATHS = (
					"$(inherited)",
					"@executable_path/../Frameworks",
				);
				MARKETING_VERSION = 1.0;
				PRODUCT_BUNDLE_IDENTIFIER = nl.grigory.ClipMinder;
				PRODUCT_NAME = "$(TARGET_NAME)";
				SWIFT_EMIT_LOC_STRINGS = YES;
				SWIFT_VERSION = 5.0;
			};
			name = Debug;
		};
		C32B09632D50FB7400572175 /* Release */ = {
			isa = XCBuildConfiguration;
			buildSettings = {
				ASSETCATALOG_COMPILER_APPICON_NAME = AppIcon;
				ASSETCATALOG_COMPILER_GLOBAL_ACCENT_COLOR_NAME = AccentColor;
				CODE_SIGN_ENTITLEMENTS = ClipMinder/ClipMinder.entitlements;
				CODE_SIGN_STYLE = Automatic;
				COMBINE_HIDPI_IMAGES = YES;
				CURRENT_PROJECT_VERSION = 1;
				DEVELOPMENT_ASSET_PATHS = "\"ClipMinder/Preview Content\"";
				DEVELOPMENT_TEAM = 77YJPM38JD;
				ENABLE_HARDENED_RUNTIME = YES;
				ENABLE_PREVIEWS = YES;
				GENERATE_INFOPLIST_FILE = YES;
				INFOPLIST_KEY_NSHumanReadableCopyright = "";
				LD_RUNPATH_SEARCH_PATHS = (
					"$(inherited)",
					"@executable_path/../Frameworks",
				);
				MARKETING_VERSION = 1.0;
				PRODUCT_BUNDLE_IDENTIFIER = nl.grigory.ClipMinder;
				PRODUCT_NAME = "$(TARGET_NAME)";
				SWIFT_EMIT_LOC_STRINGS = YES;
				SWIFT_VERSION = 5.0;
			};
			name = Release;
		};
		C32B09652D50FB7400572175 /* Debug */ = {
			isa = XCBuildConfiguration;
			buildSettings = {
				BUNDLE_LOADER = "$(TEST_HOST)";
				CODE_SIGN_STYLE = Automatic;
				CURRENT_PROJECT_VERSION = 1;
				DEVELOPMENT_TEAM = 77YJPM38JD;
				GENERATE_INFOPLIST_FILE = YES;
				MACOSX_DEPLOYMENT_TARGET = 15.2;
				MARKETING_VERSION = 1.0;
				PRODUCT_BUNDLE_IDENTIFIER = nl.grigory.ClipMinderTests;
				PRODUCT_NAME = "$(TARGET_NAME)";
				SWIFT_EMIT_LOC_STRINGS = NO;
				SWIFT_VERSION = 5.0;
				TEST_HOST = "$(BUILT_PRODUCTS_DIR)/ClipMinder.app/$(BUNDLE_EXECUTABLE_FOLDER_PATH)/ClipMinder";
			};
			name = Debug;
		};
		C32B09662D50FB7400572175 /* Release */ = {
			isa = XCBuildConfiguration;
			buildSettings = {
				BUNDLE_LOADER = "$(TEST_HOST)";
				CODE_SIGN_STYLE = Automatic;
				CURRENT_PROJECT_VERSION = 1;
				DEVELOPMENT_TEAM = 77YJPM38JD;
				GENERATE_INFOPLIST_FILE = YES;
				MACOSX_DEPLOYMENT_TARGET = 15.2;
				MARKETING_VERSION = 1.0;
				PRODUCT_BUNDLE_IDENTIFIER = nl.grigory.ClipMinderTests;
				PRODUCT_NAME = "$(TARGET_NAME)";
				SWIFT_EMIT_LOC_STRINGS = NO;
				SWIFT_VERSION = 5.0;
				TEST_HOST = "$(BUILT_PRODUCTS_DIR)/ClipMinder.app/$(BUNDLE_EXECUTABLE_FOLDER_PATH)/ClipMinder";
			};
			name = Release;
		};
		C32B09682D50FB7400572175 /* Debug */ = {
			isa = XCBuildConfiguration;
			buildSettings = {
				CODE_SIGN_STYLE = Automatic;
				CURRENT_PROJECT_VERSION = 1;
				DEVELOPMENT_TEAM = 77YJPM38JD;
				GENERATE_INFOPLIST_FILE = YES;
				MARKETING_VERSION = 1.0;
				PRODUCT_BUNDLE_IDENTIFIER = nl.grigory.ClipMinderUITests;
				PRODUCT_NAME = "$(TARGET_NAME)";
				SWIFT_EMIT_LOC_STRINGS = NO;
				SWIFT_VERSION = 5.0;
				TEST_TARGET_NAME = ClipMinder;
			};
			name = Debug;
		};
		C32B09692D50FB7400572175 /* Release */ = {
			isa = XCBuildConfiguration;
			buildSettings = {
				CODE_SIGN_STYLE = Automatic;
				CURRENT_PROJECT_VERSION = 1;
				DEVELOPMENT_TEAM = 77YJPM38JD;
				GENERATE_INFOPLIST_FILE = YES;
				MARKETING_VERSION = 1.0;
				PRODUCT_BUNDLE_IDENTIFIER = nl.grigory.ClipMinderUITests;
				PRODUCT_NAME = "$(TARGET_NAME)";
				SWIFT_EMIT_LOC_STRINGS = NO;
				SWIFT_VERSION = 5.0;
				TEST_TARGET_NAME = ClipMinder;
			};
			name = Release;
		};
/* End XCBuildConfiguration section */

/* Begin XCConfigurationList section */
		C32B09372D50FB7300572175 /* Build configuration list for PBXProject "ClipMinder" */ = {
			isa = XCConfigurationList;
			buildConfigurations = (
				C32B095F2D50FB7400572175 /* Debug */,
				C32B09602D50FB7400572175 /* Release */,
			);
			defaultConfigurationIsVisible = 0;
			defaultConfigurationName = Release;
		};
		C32B09612D50FB7400572175 /* Build configuration list for PBXNativeTarget "ClipMinder" */ = {
			isa = XCConfigurationList;
			buildConfigurations = (
				C32B09622D50FB7400572175 /* Debug */,
				C32B09632D50FB7400572175 /* Release */,
			);
			defaultConfigurationIsVisible = 0;
			defaultConfigurationName = Release;
		};
		C32B09642D50FB7400572175 /* Build configuration list for PBXNativeTarget "ClipMinderTests" */ = {
			isa = XCConfigurationList;
			buildConfigurations = (
				C32B09652D50FB7400572175 /* Debug */,
				C32B09662D50FB7400572175 /* Release */,
			);
			defaultConfigurationIsVisible = 0;
			defaultConfigurationName = Release;
		};
		C32B09672D50FB7400572175 /* Build configuration list for PBXNativeTarget "ClipMinderUITests" */ = {
			isa = XCConfigurationList;
			buildConfigurations = (
				C32B09682D50FB7400572175 /* Debug */,
				C32B09692D50FB7400572175 /* Release */,
			);
			defaultConfigurationIsVisible = 0;
			defaultConfigurationName = Release;
		};
/* End XCConfigurationList section */
	};
	rootObject = C32B09342D50FB7300572175 /* Project object */;
}
